
Microsoft Visual Studio Solution File, Format Version 12.00
# Visual Studio Version 16
VisualStudioVersion = 16.0.30907.101
MinimumVisualStudioVersion = 10.0.40219.1
Project("{FAE04EC0-301F-11D3-BF4B-00C04F79EFBC}") = "Arabaotomasyon", "Arabaotomasyon\Arabaotomasyon.csproj", "{08634455-92F1-41D7-92D9-54960EAEEA46}"
EndProject
Global
	GlobalSection(SolutionConfigurationPlatforms) = preSolution
		Debug|Any CPU = Debug|Any CPU
		Release|Any CPU = Release|Any CPU
	EndGlobalSection
	GlobalSection(ProjectConfigurationPlatforms) = postSolution
		{08634455-92F1-41D7-92D9-54960EAEEA46}.Debug|Any CPU.ActiveCfg = Debug|Any CPU
		{08634455-92F1-41D7-92D9-54960EAEEA46}.Debug|Any CPU.Build.0 = Debug|Any CPU
		{08634455-92F1-41D7-92D9-54960EAEEA46}.Release|Any CPU.ActiveCfg = Release|Any CPU
		{08634455-92F1-41D7-92D9-54960EAEEA46}.Release|Any CPU.Build.0 = Release|Any CPU
	EndGlobalSection
	GlobalSection(SolutionProperties) = preSolution
		HideSolutionNode = FALSE
	EndGlobalSection
	GlobalSection(ExtensibilityGlobals) = postSolution
		SolutionGuid = {C707BDE6-18B0-4326-BB95-E0E1B65F6DCC}
	EndGlobalSection
EndGlobal
